
Microsoft Visual Studio Solution File, Format Version 12.00
# Visual Studio Version 16
VisualStudioVersion = 16.0.30503.244
MinimumVisualStudioVersion = 10.0.40219.1
Project("{2150E333-8FDC-42A3-9474-1A3956D46DE8}") = "src", "src", "{F72FD11C-169E-42F0-ADB3-DACEFB9605C4}"
EndProject
Project("{2150E333-8FDC-42A3-9474-1A3956D46DE8}") = "Building Blocks", "Building Blocks", "{8FDEE766-38F1-450A-BF3F-6BD0A996D1A4}"
EndProject
Project("{2150E333-8FDC-42A3-9474-1A3956D46DE8}") = "Services", "Services", "{AD7223C9-A468-457B-B266-1168F6FCFEAC}"
EndProject
Project("{2150E333-8FDC-42A3-9474-1A3956D46DE8}") = "Web", "Web", "{7A743F8A-133C-40E7-99AC-9ABEC80BF1E9}"
EndProject
Project("{2150E333-8FDC-42A3-9474-1A3956D46DE8}") = "Identidade", "Identidade", "{DB1018B7-D9E3-4001-B128-0E72F2737685}"
EndProject
Project("{9A19103F-16F7-4668-BE54-9A1E7A4F7556}") = "NSE.Identidade.API", "src\services\NSE.Identidade.API\NSE.Identidade.API.csproj", "{701D4268-245D-45FE-B203-BEBBBEF883AA}"
EndProject
Project("{2150E333-8FDC-42A3-9474-1A3956D46DE8}") = "MVC", "MVC", "{CEE6B264-7259-41A0-882B-0361F04E1C03}"
EndProject
Project("{9A19103F-16F7-4668-BE54-9A1E7A4F7556}") = "NSE.WebApp.MVC", "src\web\NSE.WebApp.MVC\NSE.WebApp.MVC.csproj", "{6163EE35-90A8-4543-A6F9-EECA30E9899C}"
EndProject
Project("{2150E333-8FDC-42A3-9474-1A3956D46DE8}") = "Core", "Core", "{D8BCD779-0373-49F7-B372-A786A577ABEE}"
EndProject
Project("{9A19103F-16F7-4668-BE54-9A1E7A4F7556}") = "NSE.Core", "src\building blocks\NSE.Core\NSE.Core.csproj", "{61B553CD-B3DB-4DE1-A0F9-816C34B99218}"
EndProject
Project("{2150E333-8FDC-42A3-9474-1A3956D46DE8}") = "Carrinho", "Carrinho", "{AE426758-0011-4357-8D4E-0BBFC5307AD2}"
EndProject
Project("{2150E333-8FDC-42A3-9474-1A3956D46DE8}") = "Catalogo", "Catalogo", "{E558A301-3843-462F-BD2A-EBBF656DDD77}"
EndProject
Project("{2150E333-8FDC-42A3-9474-1A3956D46DE8}") = "Pagamento", "Pagamento", "{1585CA8D-A587-4AE6-9722-CF69F19FC30F}"
EndProject
Project("{2150E333-8FDC-42A3-9474-1A3956D46DE8}") = "Pedido", "Pedido", "{E1D901A7-E4D3-4C63-BD62-0FC37C68C5C0}"
EndProject
Project("{9A19103F-16F7-4668-BE54-9A1E7A4F7556}") = "NSE.Carrinho.API", "src\services\NSE.Carrinho.API\NSE.Carrinho.API.csproj", "{D787C828-D18D-45F2-A759-312B23E910E2}"
EndProject
Project("{9A19103F-16F7-4668-BE54-9A1E7A4F7556}") = "NSE.Catalogo.API", "src\services\NSE.Catalogo.API\NSE.Catalogo.API.csproj", "{A39B41F5-2B15-4E25-96BC-2BD168996698}"
EndProject
Project("{9A19103F-16F7-4668-BE54-9A1E7A4F7556}") = "NSE.Pagamento.API", "src\services\NSE.Pagamento.API\NSE.Pagamento.API.csproj", "{78570285-EBEF-452C-BFD0-F5A677FE5772}"
EndProject
Project("{9A19103F-16F7-4668-BE54-9A1E7A4F7556}") = "NSE.Pedido.API", "src\services\NSE.Pedido.API\NSE.Pedido.API.csproj", "{6FA0F396-9CAE-43C2-96BD-2B93E4006E05}"
EndProject
Project("{2150E333-8FDC-42A3-9474-1A3956D46DE8}") = "Services", "Services", "{97B5F14B-C510-4AB8-AC93-29791834A852}"
EndProject
Project("{9A19103F-16F7-4668-BE54-9A1E7A4F7556}") = "NSE.WebAPI.Core", "src\building blocks\NSE.WebAPI.Core\NSE.WebAPI.Core.csproj", "{A67915AB-C6A0-4A2F-92D1-52A7BFA8F5FC}"
EndProject
Project("{2150E333-8FDC-42A3-9474-1A3956D46DE8}") = "Cliente", "Cliente", "{929366FA-E75C-4A80-8333-06B736491726}"
EndProject
Project("{9A19103F-16F7-4668-BE54-9A1E7A4F7556}") = "NSE.Clientes.API", "src\services\NSE.Clientes.API\NSE.Clientes.API.csproj", "{EB7F810E-0F32-4A01-A3CE-26D54F042BBF}"
EndProject
Project("{2150E333-8FDC-42A3-9474-1A3956D46DE8}") = "MessageBus", "MessageBus", "{9E75E479-8BEC-4660-9367-1C024F6BB191}"
EndProject
Project("{9A19103F-16F7-4668-BE54-9A1E7A4F7556}") = "NSE.MessageBus", "src\building blocks\NSE.MessageBus\NSE.MessageBus.csproj", "{E9F788EF-C8A1-473A-BC50-ADD7A9E00169}"
EndProject
Project("{2150E333-8FDC-42A3-9474-1A3956D46DE8}") = "ApiGateways", "ApiGateways", "{8ED9772B-6F8C-45C5-AAA0-314545ADBF97}"
EndProject
Project("{2150E333-8FDC-42A3-9474-1A3956D46DE8}") = "Compras", "Compras", "{FCC2E20E-E974-467C-B1A1-872DC9B89FC6}"
EndProject
Project("{FAE04EC0-301F-11D3-BF4B-00C04F79EFBC}") = "NSE.BFF.Compras", "src\api-gateways\NSE.BFF.Compras\NSE.BFF.Compras.csproj", "{04B59437-C86A-4C7B-9113-6439AE372321}"
EndProject
Global
	GlobalSection(SolutionConfigurationPlatforms) = preSolution
		Debug|Any CPU = Debug|Any CPU
		Release|Any CPU = Release|Any CPU
	EndGlobalSection
	GlobalSection(ProjectConfigurationPlatforms) = postSolution
		{701D4268-245D-45FE-B203-BEBBBEF883AA}.Debug|Any CPU.ActiveCfg = Debug|Any CPU
		{701D4268-245D-45FE-B203-BEBBBEF883AA}.Debug|Any CPU.Build.0 = Debug|Any CPU
		{701D4268-245D-45FE-B203-BEBBBEF883AA}.Release|Any CPU.ActiveCfg = Release|Any CPU
		{701D4268-245D-45FE-B203-BEBBBEF883AA}.Release|Any CPU.Build.0 = Release|Any CPU
		{6163EE35-90A8-4543-A6F9-EECA30E9899C}.Debug|Any CPU.ActiveCfg = Debug|Any CPU
		{6163EE35-90A8-4543-A6F9-EECA30E9899C}.Debug|Any CPU.Build.0 = Debug|Any CPU
		{6163EE35-90A8-4543-A6F9-EECA30E9899C}.Release|Any CPU.ActiveCfg = Release|Any CPU
		{6163EE35-90A8-4543-A6F9-EECA30E9899C}.Release|Any CPU.Build.0 = Release|Any CPU
		{61B553CD-B3DB-4DE1-A0F9-816C34B99218}.Debug|Any CPU.ActiveCfg = Debug|Any CPU
		{61B553CD-B3DB-4DE1-A0F9-816C34B99218}.Debug|Any CPU.Build.0 = Debug|Any CPU
		{61B553CD-B3DB-4DE1-A0F9-816C34B99218}.Release|Any CPU.ActiveCfg = Release|Any CPU
		{61B553CD-B3DB-4DE1-A0F9-816C34B99218}.Release|Any CPU.Build.0 = Release|Any CPU
		{D787C828-D18D-45F2-A759-312B23E910E2}.Debug|Any CPU.ActiveCfg = Debug|Any CPU
		{D787C828-D18D-45F2-A759-312B23E910E2}.Debug|Any CPU.Build.0 = Debug|Any CPU
		{D787C828-D18D-45F2-A759-312B23E910E2}.Release|Any CPU.ActiveCfg = Release|Any CPU
		{D787C828-D18D-45F2-A759-312B23E910E2}.Release|Any CPU.Build.0 = Release|Any CPU
		{A39B41F5-2B15-4E25-96BC-2BD168996698}.Debug|Any CPU.ActiveCfg = Debug|Any CPU
		{A39B41F5-2B15-4E25-96BC-2BD168996698}.Debug|Any CPU.Build.0 = Debug|Any CPU
		{A39B41F5-2B15-4E25-96BC-2BD168996698}.Release|Any CPU.ActiveCfg = Release|Any CPU
		{A39B41F5-2B15-4E25-96BC-2BD168996698}.Release|Any CPU.Build.0 = Release|Any CPU
		{78570285-EBEF-452C-BFD0-F5A677FE5772}.Debug|Any CPU.ActiveCfg = Debug|Any CPU
		{78570285-EBEF-452C-BFD0-F5A677FE5772}.Debug|Any CPU.Build.0 = Debug|Any CPU
		{78570285-EBEF-452C-BFD0-F5A677FE5772}.Release|Any CPU.ActiveCfg = Release|Any CPU
		{78570285-EBEF-452C-BFD0-F5A677FE5772}.Release|Any CPU.Build.0 = Release|Any CPU
		{6FA0F396-9CAE-43C2-96BD-2B93E4006E05}.Debug|Any CPU.ActiveCfg = Debug|Any CPU
		{6FA0F396-9CAE-43C2-96BD-2B93E4006E05}.Debug|Any CPU.Build.0 = Debug|Any CPU
		{6FA0F396-9CAE-43C2-96BD-2B93E4006E05}.Release|Any CPU.ActiveCfg = Release|Any CPU
		{6FA0F396-9CAE-43C2-96BD-2B93E4006E05}.Release|Any CPU.Build.0 = Release|Any CPU
		{A67915AB-C6A0-4A2F-92D1-52A7BFA8F5FC}.Debug|Any CPU.ActiveCfg = Debug|Any CPU
		{A67915AB-C6A0-4A2F-92D1-52A7BFA8F5FC}.Debug|Any CPU.Build.0 = Debug|Any CPU
		{A67915AB-C6A0-4A2F-92D1-52A7BFA8F5FC}.Release|Any CPU.ActiveCfg = Release|Any CPU
		{A67915AB-C6A0-4A2F-92D1-52A7BFA8F5FC}.Release|Any CPU.Build.0 = Release|Any CPU
		{EB7F810E-0F32-4A01-A3CE-26D54F042BBF}.Debug|Any CPU.ActiveCfg = Debug|Any CPU
		{EB7F810E-0F32-4A01-A3CE-26D54F042BBF}.Debug|Any CPU.Build.0 = Debug|Any CPU
		{EB7F810E-0F32-4A01-A3CE-26D54F042BBF}.Release|Any CPU.ActiveCfg = Release|Any CPU
		{EB7F810E-0F32-4A01-A3CE-26D54F042BBF}.Release|Any CPU.Build.0 = Release|Any CPU
		{E9F788EF-C8A1-473A-BC50-ADD7A9E00169}.Debug|Any CPU.ActiveCfg = Debug|Any CPU
		{E9F788EF-C8A1-473A-BC50-ADD7A9E00169}.Debug|Any CPU.Build.0 = Debug|Any CPU
		{E9F788EF-C8A1-473A-BC50-ADD7A9E00169}.Release|Any CPU.ActiveCfg = Release|Any CPU
		{E9F788EF-C8A1-473A-BC50-ADD7A9E00169}.Release|Any CPU.Build.0 = Release|Any CPU
		{04B59437-C86A-4C7B-9113-6439AE372321}.Debug|Any CPU.ActiveCfg = Debug|Any CPU
		{04B59437-C86A-4C7B-9113-6439AE372321}.Debug|Any CPU.Build.0 = Debug|Any CPU
		{04B59437-C86A-4C7B-9113-6439AE372321}.Release|Any CPU.ActiveCfg = Release|Any CPU
		{04B59437-C86A-4C7B-9113-6439AE372321}.Release|Any CPU.Build.0 = Release|Any CPU
	EndGlobalSection
	GlobalSection(SolutionProperties) = preSolution
		HideSolutionNode = FALSE
	EndGlobalSection
	GlobalSection(NestedProjects) = preSolution
		{8FDEE766-38F1-450A-BF3F-6BD0A996D1A4} = {F72FD11C-169E-42F0-ADB3-DACEFB9605C4}
		{AD7223C9-A468-457B-B266-1168F6FCFEAC} = {F72FD11C-169E-42F0-ADB3-DACEFB9605C4}
		{7A743F8A-133C-40E7-99AC-9ABEC80BF1E9} = {F72FD11C-169E-42F0-ADB3-DACEFB9605C4}
		{DB1018B7-D9E3-4001-B128-0E72F2737685} = {AD7223C9-A468-457B-B266-1168F6FCFEAC}
		{701D4268-245D-45FE-B203-BEBBBEF883AA} = {DB1018B7-D9E3-4001-B128-0E72F2737685}
		{CEE6B264-7259-41A0-882B-0361F04E1C03} = {7A743F8A-133C-40E7-99AC-9ABEC80BF1E9}
		{6163EE35-90A8-4543-A6F9-EECA30E9899C} = {CEE6B264-7259-41A0-882B-0361F04E1C03}
		{D8BCD779-0373-49F7-B372-A786A577ABEE} = {8FDEE766-38F1-450A-BF3F-6BD0A996D1A4}
		{61B553CD-B3DB-4DE1-A0F9-816C34B99218} = {D8BCD779-0373-49F7-B372-A786A577ABEE}
		{AE426758-0011-4357-8D4E-0BBFC5307AD2} = {AD7223C9-A468-457B-B266-1168F6FCFEAC}
		{E558A301-3843-462F-BD2A-EBBF656DDD77} = {AD7223C9-A468-457B-B266-1168F6FCFEAC}
		{1585CA8D-A587-4AE6-9722-CF69F19FC30F} = {AD7223C9-A468-457B-B266-1168F6FCFEAC}
		{E1D901A7-E4D3-4C63-BD62-0FC37C68C5C0} = {AD7223C9-A468-457B-B266-1168F6FCFEAC}
		{D787C828-D18D-45F2-A759-312B23E910E2} = {AE426758-0011-4357-8D4E-0BBFC5307AD2}
		{A39B41F5-2B15-4E25-96BC-2BD168996698} = {E558A301-3843-462F-BD2A-EBBF656DDD77}
		{78570285-EBEF-452C-BFD0-F5A677FE5772} = {1585CA8D-A587-4AE6-9722-CF69F19FC30F}
		{6FA0F396-9CAE-43C2-96BD-2B93E4006E05} = {E1D901A7-E4D3-4C63-BD62-0FC37C68C5C0}
		{97B5F14B-C510-4AB8-AC93-29791834A852} = {8FDEE766-38F1-450A-BF3F-6BD0A996D1A4}
		{A67915AB-C6A0-4A2F-92D1-52A7BFA8F5FC} = {97B5F14B-C510-4AB8-AC93-29791834A852}
		{929366FA-E75C-4A80-8333-06B736491726} = {AD7223C9-A468-457B-B266-1168F6FCFEAC}
		{EB7F810E-0F32-4A01-A3CE-26D54F042BBF} = {929366FA-E75C-4A80-8333-06B736491726}
		{9E75E479-8BEC-4660-9367-1C024F6BB191} = {8FDEE766-38F1-450A-BF3F-6BD0A996D1A4}
		{E9F788EF-C8A1-473A-BC50-ADD7A9E00169} = {9E75E479-8BEC-4660-9367-1C024F6BB191}
		{8ED9772B-6F8C-45C5-AAA0-314545ADBF97} = {F72FD11C-169E-42F0-ADB3-DACEFB9605C4}
		{FCC2E20E-E974-467C-B1A1-872DC9B89FC6} = {8ED9772B-6F8C-45C5-AAA0-314545ADBF97}
		{04B59437-C86A-4C7B-9113-6439AE372321} = {FCC2E20E-E974-467C-B1A1-872DC9B89FC6}
	EndGlobalSection
	GlobalSection(ExtensibilityGlobals) = postSolution
		SolutionGuid = {632391B6-4DC7-4793-8786-B0FDFCF2D6E5}
	EndGlobalSection
EndGlobal
